// !$*UTF8*$!
{
	archiveVersion = 1;
	classes = {
	};
	objectVersion = 51;
	objects = {

/* Begin PBXBuildFile section */
		11C53E6370D86C121E193362 /* Pods_AppcentWeatherApp.framework in Frameworks */ = {isa = PBXBuildFile; fileRef = 9B8E7A42BDA3981105DEC45A /* Pods_AppcentWeatherApp.framework */; };
		66598800258B429800FD37FF /* AppDelegate.swift in Sources */ = {isa = PBXBuildFile; fileRef = 665987FF258B429800FD37FF /* AppDelegate.swift */; };
		66598802258B429800FD37FF /* SceneDelegate.swift in Sources */ = {isa = PBXBuildFile; fileRef = 66598801258B429800FD37FF /* SceneDelegate.swift */; };
		66598804258B429800FD37FF /* ViewController.swift in Sources */ = {isa = PBXBuildFile; fileRef = 66598803258B429800FD37FF /* ViewController.swift */; };
		66598807258B429800FD37FF /* Main.storyboard in Resources */ = {isa = PBXBuildFile; fileRef = 66598805258B429800FD37FF /* Main.storyboard */; };
		66598809258B429A00FD37FF /* Assets.xcassets in Resources */ = {isa = PBXBuildFile; fileRef = 66598808258B429A00FD37FF /* Assets.xcassets */; };
		6659880C258B429A00FD37FF /* LaunchScreen.storyboard in Resources */ = {isa = PBXBuildFile; fileRef = 6659880A258B429A00FD37FF /* LaunchScreen.storyboard */; };
		66598822258BEE1D00FD37FF /* WeatherDataModel.swift in Sources */ = {isa = PBXBuildFile; fileRef = 66598821258BEE1D00FD37FF /* WeatherDataModel.swift */; };
		665989492591388400FD37FF /* CityWeatherDetailModel.swift in Sources */ = {isa = PBXBuildFile; fileRef = 665989482591388400FD37FF /* CityWeatherDetailModel.swift */; };
		66679E532591E59A0054B44E /* CityWeatherDetailViewController.swift in Sources */ = {isa = PBXBuildFile; fileRef = 66679E522591E59A0054B44E /* CityWeatherDetailViewController.swift */; };
		668B7699259268DE0082CC09 /* CityWeatherDetailCell.swift in Sources */ = {isa = PBXBuildFile; fileRef = 668B7698259268DE0082CC09 /* CityWeatherDetailCell.swift */; };
		66E6BC28259364C9007914E3 /* location.png in Resources */ = {isa = PBXBuildFile; fileRef = 66E6BC27259364C9007914E3 /* location.png */; };
		66E6BC2C259364E2007914E3 /* nearestCities.png in Resources */ = {isa = PBXBuildFile; fileRef = 66E6BC2B259364E1007914E3 /* nearestCities.png */; };
		66E6BC2F259364EA007914E3 /* cityWeatherDetail.png in Resources */ = {isa = PBXBuildFile; fileRef = 66E6BC2E259364EA007914E3 /* cityWeatherDetail.png */; };
/* End PBXBuildFile section */

/* Begin PBXFileReference section */
		59A860ACE9D5A1E3247FB5D7 /* Pods-AppcentWeatherApp.release.xcconfig */ = {isa = PBXFileReference; includeInIndex = 1; lastKnownFileType = text.xcconfig; name = "Pods-AppcentWeatherApp.release.xcconfig"; path = "Target Support Files/Pods-AppcentWeatherApp/Pods-AppcentWeatherApp.release.xcconfig"; sourceTree = "<group>"; };
		665987FC258B429800FD37FF /* AppcentWeatherApp.app */ = {isa = PBXFileReference; explicitFileType = wrapper.application; includeInIndex = 0; path = AppcentWeatherApp.app; sourceTree = BUILT_PRODUCTS_DIR; };
		665987FF258B429800FD37FF /* AppDelegate.swift */ = {isa = PBXFileReference; lastKnownFileType = sourcecode.swift; path = AppDelegate.swift; sourceTree = "<group>"; };
		66598801258B429800FD37FF /* SceneDelegate.swift */ = {isa = PBXFileReference; lastKnownFileType = sourcecode.swift; path = SceneDelegate.swift; sourceTree = "<group>"; };
		66598803258B429800FD37FF /* ViewController.swift */ = {isa = PBXFileReference; lastKnownFileType = sourcecode.swift; path = ViewController.swift; sourceTree = "<group>"; };
		66598806258B429800FD37FF /* Base */ = {isa = PBXFileReference; lastKnownFileType = file.storyboard; name = Base; path = Base.lproj/Main.storyboard; sourceTree = "<group>"; };
		66598808258B429A00FD37FF /* Assets.xcassets */ = {isa = PBXFileReference; lastKnownFileType = folder.assetcatalog; path = Assets.xcassets; sourceTree = "<group>"; };
		6659880B258B429A00FD37FF /* Base */ = {isa = PBXFileReference; lastKnownFileType = file.storyboard; name = Base; path = Base.lproj/LaunchScreen.storyboard; sourceTree = "<group>"; };
		6659880D258B429A00FD37FF /* Info.plist */ = {isa = PBXFileReference; lastKnownFileType = text.plist.xml; path = Info.plist; sourceTree = "<group>"; };
		66598821258BEE1D00FD37FF /* WeatherDataModel.swift */ = {isa = PBXFileReference; lastKnownFileType = sourcecode.swift; path = WeatherDataModel.swift; sourceTree = "<group>"; };
		665989482591388400FD37FF /* CityWeatherDetailModel.swift */ = {isa = PBXFileReference; lastKnownFileType = sourcecode.swift; path = CityWeatherDetailModel.swift; sourceTree = "<group>"; };
		66679E522591E59A0054B44E /* CityWeatherDetailViewController.swift */ = {isa = PBXFileReference; lastKnownFileType = sourcecode.swift; path = CityWeatherDetailViewController.swift; sourceTree = "<group>"; };
		668B7698259268DE0082CC09 /* CityWeatherDetailCell.swift */ = {isa = PBXFileReference; lastKnownFileType = sourcecode.swift; path = CityWeatherDetailCell.swift; sourceTree = "<group>"; };
		66E6BC27259364C9007914E3 /* location.png */ = {isa = PBXFileReference; lastKnownFileType = image.png; path = location.png; sourceTree = "<group>"; };
		66E6BC2B259364E1007914E3 /* nearestCities.png */ = {isa = PBXFileReference; lastKnownFileType = image.png; path = nearestCities.png; sourceTree = "<group>"; };
		66E6BC2E259364EA007914E3 /* cityWeatherDetail.png */ = {isa = PBXFileReference; lastKnownFileType = image.png; path = cityWeatherDetail.png; sourceTree = "<group>"; };
		9B8E7A42BDA3981105DEC45A /* Pods_AppcentWeatherApp.framework */ = {isa = PBXFileReference; explicitFileType = wrapper.framework; includeInIndex = 0; path = Pods_AppcentWeatherApp.framework; sourceTree = BUILT_PRODUCTS_DIR; };
		D83EF44EFE93F7A0C9AAFE9D /* Pods-AppcentWeatherApp.debug.xcconfig */ = {isa = PBXFileReference; includeInIndex = 1; lastKnownFileType = text.xcconfig; name = "Pods-AppcentWeatherApp.debug.xcconfig"; path = "Target Support Files/Pods-AppcentWeatherApp/Pods-AppcentWeatherApp.debug.xcconfig"; sourceTree = "<group>"; };
/* End PBXFileReference section */

/* Begin PBXFrameworksBuildPhase section */
		665987F9258B429800FD37FF /* Frameworks */ = {
			isa = PBXFrameworksBuildPhase;
			buildActionMask = 2147483647;
			files = (
				11C53E6370D86C121E193362 /* Pods_AppcentWeatherApp.framework in Frameworks */,
			);
			runOnlyForDeploymentPostprocessing = 0;
		};
/* End PBXFrameworksBuildPhase section */

/* Begin PBXGroup section */
		02578E1DF83F76C3BDADC085 /* Frameworks */ = {
			isa = PBXGroup;
			children = (
				9B8E7A42BDA3981105DEC45A /* Pods_AppcentWeatherApp.framework */,
			);
			name = Frameworks;
			sourceTree = "<group>";
		};
		639E0162F4C6156004F9A3C9 /* Pods */ = {
			isa = PBXGroup;
			children = (
				D83EF44EFE93F7A0C9AAFE9D /* Pods-AppcentWeatherApp.debug.xcconfig */,
				59A860ACE9D5A1E3247FB5D7 /* Pods-AppcentWeatherApp.release.xcconfig */,
			);
			path = Pods;
			sourceTree = "<group>";
		};
		665987F3258B429800FD37FF = {
			isa = PBXGroup;
			children = (
				665987FE258B429800FD37FF /* AppcentWeatherApp */,
				665987FD258B429800FD37FF /* Products */,
				639E0162F4C6156004F9A3C9 /* Pods */,
				02578E1DF83F76C3BDADC085 /* Frameworks */,
			);
			sourceTree = "<group>";
		};
		665987FD258B429800FD37FF /* Products */ = {
			isa = PBXGroup;
			children = (
				665987FC258B429800FD37FF /* AppcentWeatherApp.app */,
			);
			name = Products;
			sourceTree = "<group>";
		};
		665987FE258B429800FD37FF /* AppcentWeatherApp */ = {
			isa = PBXGroup;
			children = (
				6659881F258B44AD00FD37FF /* Controller */,
				6659881E258B44A600FD37FF /* Model */,
				66598818258B43A200FD37FF /* View */,
				665987FF258B429800FD37FF /* AppDelegate.swift */,
				66598801258B429800FD37FF /* SceneDelegate.swift */,
				66598808258B429A00FD37FF /* Assets.xcassets */,
				6659880A258B429A00FD37FF /* LaunchScreen.storyboard */,
				6659880D258B429A00FD37FF /* Info.plist */,
				66E6BC31259364F1007914E3 /* PageSamples */,
			);
			path = AppcentWeatherApp;
			sourceTree = "<group>";
		};
		66598818258B43A200FD37FF /* View */ = {
			isa = PBXGroup;
			children = (
				66598805258B429800FD37FF /* Main.storyboard */,
			);
			path = View;
			sourceTree = "<group>";
		};
		6659881E258B44A600FD37FF /* Model */ = {
			isa = PBXGroup;
			children = (
				66598821258BEE1D00FD37FF /* WeatherDataModel.swift */,
				665989482591388400FD37FF /* CityWeatherDetailModel.swift */,
			);
			path = Model;
			sourceTree = "<group>";
		};
		6659881F258B44AD00FD37FF /* Controller */ = {
			isa = PBXGroup;
			children = (
				66598803258B429800FD37FF /* ViewController.swift */,
				66679E522591E59A0054B44E /* CityWeatherDetailViewController.swift */,
				668B7698259268DE0082CC09 /* CityWeatherDetailCell.swift */,
			);
			path = Controller;
			sourceTree = "<group>";
		};
		66E6BC31259364F1007914E3 /* PageSamples */ = {
			isa = PBXGroup;
			children = (
				66E6BC2E259364EA007914E3 /* cityWeatherDetail.png */,
				66E6BC2B259364E1007914E3 /* nearestCities.png */,
				66E6BC27259364C9007914E3 /* location.png */,
			);
			path = PageSamples;
			sourceTree = "<group>";
		};
/* End PBXGroup section */

/* Begin PBXNativeTarget section */
		665987FB258B429800FD37FF /* AppcentWeatherApp */ = {
			isa = PBXNativeTarget;
			buildConfigurationList = 66598810258B429A00FD37FF /* Build configuration list for PBXNativeTarget "AppcentWeatherApp" */;
			buildPhases = (
				E355EF00B39CD7691CE04CE4 /* [CP] Check Pods Manifest.lock */,
				665987F8258B429800FD37FF /* Sources */,
				665987F9258B429800FD37FF /* Frameworks */,
				665987FA258B429800FD37FF /* Resources */,
				27C23D5FEDB9A584D590E919 /* [CP] Embed Pods Frameworks */,
			);
			buildRules = (
			);
			dependencies = (
			);
			name = AppcentWeatherApp;
			productName = AppcentWeatherApp;
			productReference = 665987FC258B429800FD37FF /* AppcentWeatherApp.app */;
			productType = "com.apple.product-type.application";
		};
/* End PBXNativeTarget section */

/* Begin PBXProject section */
		665987F4258B429800FD37FF /* Project object */ = {
			isa = PBXProject;
			attributes = {
				LastSwiftUpdateCheck = 1220;
				LastUpgradeCheck = 1220;
				TargetAttributes = {
					665987FB258B429800FD37FF = {
						CreatedOnToolsVersion = 12.2;
					};
				};
			};
			buildConfigurationList = 665987F7258B429800FD37FF /* Build configuration list for PBXProject "AppcentWeatherApp" */;
			compatibilityVersion = "Xcode 9.3";
			developmentRegion = en;
			hasScannedForEncodings = 0;
			knownRegions = (
				en,
				Base,
			);
			mainGroup = 665987F3258B429800FD37FF;
			productRefGroup = 665987FD258B429800FD37FF /* Products */;
			projectDirPath = "";
			projectRoot = "";
			targets = (
				665987FB258B429800FD37FF /* AppcentWeatherApp */,
			);
		};
/* End PBXProject section */

/* Begin PBXResourcesBuildPhase section */
		665987FA258B429800FD37FF /* Resources */ = {
			isa = PBXResourcesBuildPhase;
			buildActionMask = 2147483647;
			files = (
				6659880C258B429A00FD37FF /* LaunchScreen.storyboard in Resources */,
				66E6BC2C259364E2007914E3 /* nearestCities.png in Resources */,
				66598809258B429A00FD37FF /* Assets.xcassets in Resources */,
				66E6BC28259364C9007914E3 /* location.png in Resources */,
				66E6BC2F259364EA007914E3 /* cityWeatherDetail.png in Resources */,
				66598807258B429800FD37FF /* Main.storyboard in Resources */,
			);
			runOnlyForDeploymentPostprocessing = 0;
		};
/* End PBXResourcesBuildPhase section */

/* Begin PBXShellScriptBuildPhase section */
		27C23D5FEDB9A584D590E919 /* [CP] Embed Pods Frameworks */ = {
			isa = PBXShellScriptBuildPhase;
			buildActionMask = 2147483647;
			files = (
			);
			inputFileListPaths = (
				"${PODS_ROOT}/Target Support Files/Pods-AppcentWeatherApp/Pods-AppcentWeatherApp-frameworks-${CONFIGURATION}-input-files.xcfilelist",
			);
			name = "[CP] Embed Pods Frameworks";
			outputFileListPaths = (
				"${PODS_ROOT}/Target Support Files/Pods-AppcentWeatherApp/Pods-AppcentWeatherApp-frameworks-${CONFIGURATION}-output-files.xcfilelist",
			);
			runOnlyForDeploymentPostprocessing = 0;
			shellPath = /bin/sh;
			shellScript = "\"${PODS_ROOT}/Target Support Files/Pods-AppcentWeatherApp/Pods-AppcentWeatherApp-frameworks.sh\"\n";
			showEnvVarsInLog = 0;
		};
		E355EF00B39CD7691CE04CE4 /* [CP] Check Pods Manifest.lock */ = {
			isa = PBXShellScriptBuildPhase;
			buildActionMask = 2147483647;
			files = (
			);
			inputFileListPaths = (
			);
			inputPaths = (
				"${PODS_PODFILE_DIR_PATH}/Podfile.lock",
				"${PODS_ROOT}/Manifest.lock",
			);
			name = "[CP] Check Pods Manifest.lock";
			outputFileListPaths = (
			);
			outputPaths = (
				"$(DERIVED_FILE_DIR)/Pods-AppcentWeatherApp-checkManifestLockResult.txt",
			);
			runOnlyForDeploymentPostprocessing = 0;
			shellPath = /bin/sh;
			shellScript = "diff \"${PODS_PODFILE_DIR_PATH}/Podfile.lock\" \"${PODS_ROOT}/Manifest.lock\" > /dev/null\nif [ $? != 0 ] ; then\n    # print error to STDERR\n    echo \"error: The sandbox is not in sync with the Podfile.lock. Run 'pod install' or update your CocoaPods installation.\" >&2\n    exit 1\nfi\n# This output is used by Xcode 'outputs' to avoid re-running this script phase.\necho \"SUCCESS\" > \"${SCRIPT_OUTPUT_FILE_0}\"\n";
			showEnvVarsInLog = 0;
		};
/* End PBXShellScriptBuildPhase section */

/* Begin PBXSourcesBuildPhase section */
		665987F8258B429800FD37FF /* Sources */ = {
			isa = PBXSourcesBuildPhase;
			buildActionMask = 2147483647;
			files = (
				66598822258BEE1D00FD37FF /* WeatherDataModel.swift in Sources */,
				66679E532591E59A0054B44E /* CityWeatherDetailViewController.swift in Sources */,
				66598804258B429800FD37FF /* ViewController.swift in Sources */,
				66598800258B429800FD37FF /* AppDelegate.swift in Sources */,
				66598802258B429800FD37FF /* SceneDelegate.swift in Sources */,
				665989492591388400FD37FF /* CityWeatherDetailModel.swift in Sources */,
				668B7699259268DE0082CC09 /* CityWeatherDetailCell.swift in Sources */,
			);
			runOnlyForDeploymentPostprocessing = 0;
		};
/* End PBXSourcesBuildPhase section */

/* Begin PBXVariantGroup section */
		66598805258B429800FD37FF /* Main.storyboard */ = {
			isa = PBXVariantGroup;
			children = (
				66598806258B429800FD37FF /* Base */,
			);
			name = Main.storyboard;
			sourceTree = "<group>";
		};
		6659880A258B429A00FD37FF /* LaunchScreen.storyboard */ = {
			isa = PBXVariantGroup;
			children = (
				6659880B258B429A00FD37FF /* Base */,
			);
			name = LaunchScreen.storyboard;
			sourceTree = "<group>";
		};
/* End PBXVariantGroup section */

/* Begin XCBuildConfiguration section */
		6659880E258B429A00FD37FF /* Debug */ = {
			isa = XCBuildConfiguration;
			buildSettings = {
				ALWAYS_SEARCH_USER_PATHS = NO;
				CLANG_ANALYZER_NONNULL = YES;
				CLANG_ANALYZER_NUMBER_OBJECT_CONVERSION = YES_AGGRESSIVE;
				CLANG_CXX_LANGUAGE_STANDARD = "gnu++14";
				CLANG_CXX_LIBRARY = "libc++";
				CLANG_ENABLE_MODULES = YES;
				CLANG_ENABLE_OBJC_ARC = YES;
				CLANG_ENABLE_OBJC_WEAK = YES;
				CLANG_WARN_BLOCK_CAPTURE_AUTORELEASING = YES;
				CLANG_WARN_BOOL_CONVERSION = YES;
				CLANG_WARN_COMMA = YES;
				CLANG_WARN_CONSTANT_CONVERSION = YES;
				CLANG_WARN_DEPRECATED_OBJC_IMPLEMENTATIONS = YES;
				CLANG_WARN_DIRECT_OBJC_ISA_USAGE = YES_ERROR;
				CLANG_WARN_DOCUMENTATION_COMMENTS = YES;
				CLANG_WARN_EMPTY_BODY = YES;
				CLANG_WARN_ENUM_CONVERSION = YES;
				CLANG_WARN_INFINITE_RECURSION = YES;
				CLANG_WARN_INT_CONVERSION = YES;
				CLANG_WARN_NON_LITERAL_NULL_CONVERSION = YES;
				CLANG_WARN_OBJC_IMPLICIT_RETAIN_SELF = YES;
				CLANG_WARN_OBJC_LITERAL_CONVERSION = YES;
				CLANG_WARN_OBJC_ROOT_CLASS = YES_ERROR;
				CLANG_WARN_QUOTED_INCLUDE_IN_FRAMEWORK_HEADER = YES;
				CLANG_WARN_RANGE_LOOP_ANALYSIS = YES;
				CLANG_WARN_STRICT_PROTOTYPES = YES;
				CLANG_WARN_SUSPICIOUS_MOVE = YES;
				CLANG_WARN_UNGUARDED_AVAILABILITY = YES_AGGRESSIVE;
				CLANG_WARN_UNREACHABLE_CODE = YES;
				CLANG_WARN__DUPLICATE_METHOD_MATCH = YES;
				COPY_PHASE_STRIP = NO;
				DEBUG_INFORMATION_FORMAT = dwarf;
				ENABLE_STRICT_OBJC_MSGSEND = YES;
				ENABLE_TESTABILITY = YES;
				GCC_C_LANGUAGE_STANDARD = gnu11;
				GCC_DYNAMIC_NO_PIC = NO;
				GCC_NO_COMMON_BLOCKS = YES;
				GCC_OPTIMIZATION_LEVEL = 0;
				GCC_PREPROCESSOR_DEFINITIONS = (
					"DEBUG=1",
					"$(inherited)",
				);
				GCC_WARN_64_TO_32_BIT_CONVERSION = YES;
				GCC_WARN_ABOUT_RETURN_TYPE = YES_ERROR;
				GCC_WARN_UNDECLARED_SELECTOR = YES;
				GCC_WARN_UNINITIALIZED_AUTOS = YES_AGGRESSIVE;
				GCC_WARN_UNUSED_FUNCTION = YES;
				GCC_WARN_UNUSED_VARIABLE = YES;
				IPHONEOS_DEPLOYMENT_TARGET = 14.2;
				MTL_ENABLE_DEBUG_INFO = INCLUDE_SOURCE;
				MTL_FAST_MATH = YES;
				ONLY_ACTIVE_ARCH = YES;
				SDKROOT = iphoneos;
				SWIFT_ACTIVE_COMPILATION_CONDITIONS = DEBUG;
				SWIFT_OPTIMIZATION_LEVEL = "-Onone";
			};
			name = Debug;
		};
		6659880F258B429A00FD37FF /* Release */ = {
			isa = XCBuildConfiguration;
			buildSettings = {
				ALWAYS_SEARCH_USER_PATHS = NO;
				CLANG_ANALYZER_NONNULL = YES;
				CLANG_ANALYZER_NUMBER_OBJECT_CONVERSION = YES_AGGRESSIVE;
				CLANG_CXX_LANGUAGE_STANDARD = "gnu++14";
				CLANG_CXX_LIBRARY = "libc++";
				CLANG_ENABLE_MODULES = YES;
				CLANG_ENABLE_OBJC_ARC = YES;
				CLANG_ENABLE_OBJC_WEAK = YES;
				CLANG_WARN_BLOCK_CAPTURE_AUTORELEASING = YES;
				CLANG_WARN_BOOL_CONVERSION = YES;
				CLANG_WARN_COMMA = YES;
				CLANG_WARN_CONSTANT_CONVERSION = YES;
				CLANG_WARN_DEPRECATED_OBJC_IMPLEMENTATIONS = YES;
				CLANG_WARN_DIRECT_OBJC_ISA_USAGE = YES_ERROR;
				CLANG_WARN_DOCUMENTATION_COMMENTS = YES;
				CLANG_WARN_EMPTY_BODY = YES;
				CLANG_WARN_ENUM_CONVERSION = YES;
				CLANG_WARN_INFINITE_RECURSION = YES;
				CLANG_WARN_INT_CONVERSION = YES;
				CLANG_WARN_NON_LITERAL_NULL_CONVERSION = YES;
				CLANG_WARN_OBJC_IMPLICIT_RETAIN_SELF = YES;
				CLANG_WARN_OBJC_LITERAL_CONVERSION = YES;
				CLANG_WARN_OBJC_ROOT_CLASS = YES_ERROR;
				CLANG_WARN_QUOTED_INCLUDE_IN_FRAMEWORK_HEADER = YES;
				CLANG_WARN_RANGE_LOOP_ANALYSIS = YES;
				CLANG_WARN_STRICT_PROTOTYPES = YES;
				CLANG_WARN_SUSPICIOUS_MOVE = YES;
				CLANG_WARN_UNGUARDED_AVAILABILITY = YES_AGGRESSIVE;
				CLANG_WARN_UNREACHABLE_CODE = YES;
				CLANG_WARN__DUPLICATE_METHOD_MATCH = YES;
				COPY_PHASE_STRIP = NO;
				DEBUG_INFORMATION_FORMAT = "dwarf-with-dsym";
				ENABLE_NS_ASSERTIONS = NO;
				ENABLE_STRICT_OBJC_MSGSEND = YES;
				GCC_C_LANGUAGE_STANDARD = gnu11;
				GCC_NO_COMMON_BLOCKS = YES;
				GCC_WARN_64_TO_32_BIT_CONVERSION = YES;
				GCC_WARN_ABOUT_RETURN_TYPE = YES_ERROR;
				GCC_WARN_UNDECLARED_SELECTOR = YES;
				GCC_WARN_UNINITIALIZED_AUTOS = YES_AGGRESSIVE;
				GCC_WARN_UNUSED_FUNCTION = YES;
				GCC_WARN_UNUSED_VARIABLE = YES;
				IPHONEOS_DEPLOYMENT_TARGET = 14.2;
				MTL_ENABLE_DEBUG_INFO = NO;
				MTL_FAST_MATH = YES;
				SDKROOT = iphoneos;
				SWIFT_COMPILATION_MODE = wholemodule;
				SWIFT_OPTIMIZATION_LEVEL = "-O";
				VALIDATE_PRODUCT = YES;
			};
			name = Release;
		};
		66598811258B429A00FD37FF /* Debug */ = {
			isa = XCBuildConfiguration;
			baseConfigurationReference = D83EF44EFE93F7A0C9AAFE9D /* Pods-AppcentWeatherApp.debug.xcconfig */;
			buildSettings = {
				ASSETCATALOG_COMPILER_APPICON_NAME = AppIcon;
				ASSETCATALOG_COMPILER_GLOBAL_ACCENT_COLOR_NAME = AccentColor;
				CODE_SIGN_STYLE = Automatic;
				DEVELOPMENT_TEAM = 72N2689J99;
				INFOPLIST_FILE = AppcentWeatherApp/Info.plist;
				LD_RUNPATH_SEARCH_PATHS = (
					"$(inherited)",
					"@executable_path/Frameworks",
				);
				PRODUCT_BUNDLE_IDENTIFIER = com.study.zeynep.AppcentWeatherApp;
				PRODUCT_NAME = "$(TARGET_NAME)";
				SWIFT_VERSION = 5.0;
				TARGETED_DEVICE_FAMILY = "1,2";
			};
			name = Debug;
		};
		66598812258B429A00FD37FF /* Release */ = {
			isa = XCBuildConfiguration;
			baseConfigurationReference = 59A860ACE9D5A1E3247FB5D7 /* Pods-AppcentWeatherApp.release.xcconfig */;
			buildSettings = {
				ASSETCATALOG_COMPILER_APPICON_NAME = AppIcon;
				ASSETCATALOG_COMPILER_GLOBAL_ACCENT_COLOR_NAME = AccentColor;
				CODE_SIGN_STYLE = Automatic;
				DEVELOPMENT_TEAM = 72N2689J99;
				INFOPLIST_FILE = AppcentWeatherApp/Info.plist;
				LD_RUNPATH_SEARCH_PATHS = (
					"$(inherited)",
					"@executable_path/Frameworks",
				);
				PRODUCT_BUNDLE_IDENTIFIER = com.study.zeynep.AppcentWeatherApp;
				PRODUCT_NAME = "$(TARGET_NAME)";
				SWIFT_VERSION = 5.0;
				TARGETED_DEVICE_FAMILY = "1,2";
			};
			name = Release;
		};
/* End XCBuildConfiguration section */

/* Begin XCConfigurationList section */
		665987F7258B429800FD37FF /* Build configuration list for PBXProject "AppcentWeatherApp" */ = {
			isa = XCConfigurationList;
			buildConfigurations = (
				6659880E258B429A00FD37FF /* Debug */,
				6659880F258B429A00FD37FF /* Release */,
			);
			defaultConfigurationIsVisible = 0;
			defaultConfigurationName = Release;
		};
		66598810258B429A00FD37FF /* Build configuration list for PBXNativeTarget "AppcentWeatherApp" */ = {
			isa = XCConfigurationList;
			buildConfigurations = (
				66598811258B429A00FD37FF /* Debug */,
				66598812258B429A00FD37FF /* Release */,
			);
			defaultConfigurationIsVisible = 0;
			defaultConfigurationName = Release;
		};
/* End XCConfigurationList section */
	};
	rootObject = 665987F4258B429800FD37FF /* Project object */;
}
